
Microsoft Visual Studio Solution File, Format Version 12.00
# Visual Studio 15
Project("{FAE04EC0-301F-11D3-BF4B-00C04F79EFBC}") = "Assembly-CSharp", "Assembly-CSharp.csproj", "{5D814CDD-34ED-563A-CE57-2397BEE86135}"
EndProject
Project("{FAE04EC0-301F-11D3-BF4B-00C04F79EFBC}") = "Assembly-CSharp-Editor", "Assembly-CSharp-Editor.csproj", "{67328B04-89BF-94EB-4951-79D775EC7282}"
EndProject
Global
	GlobalSection(SolutionConfigurationPlatforms) = preSolution
		Debug|Any CPU = Debug|Any CPU
		Release|Any CPU = Release|Any CPU
	EndGlobalSection
	GlobalSection(ProjectConfigurationPlatforms) = postSolution
		{5D814CDD-34ED-563A-CE57-2397BEE86135}.Debug|Any CPU.ActiveCfg = Debug|Any CPU
		{5D814CDD-34ED-563A-CE57-2397BEE86135}.Debug|Any CPU.Build.0 = Debug|Any CPU
		{5D814CDD-34ED-563A-CE57-2397BEE86135}.Release|Any CPU.ActiveCfg = Release|Any CPU
		{5D814CDD-34ED-563A-CE57-2397BEE86135}.Release|Any CPU.Build.0 = Release|Any CPU
		{67328B04-89BF-94EB-4951-79D775EC7282}.Debug|Any CPU.ActiveCfg = Debug|Any CPU
		{67328B04-89BF-94EB-4951-79D775EC7282}.Debug|Any CPU.Build.0 = Debug|Any CPU
		{67328B04-89BF-94EB-4951-79D775EC7282}.Release|Any CPU.ActiveCfg = Release|Any CPU
		{67328B04-89BF-94EB-4951-79D775EC7282}.Release|Any CPU.Build.0 = Release|Any CPU
	EndGlobalSection
	GlobalSection(SolutionProperties) = preSolution
		HideSolutionNode = FALSE
	EndGlobalSection
EndGlobal
